<?xml version="1.0" encoding="utf-8"?>
<Project ToolsVersion="4.0" xmlns="http://schemas.microsoft.com/developer/msbuild/2003">
  <ItemGroup>
    <Filter Include="Hazard">
      <UniqueIdentifier>{DF4CF2B6-CBEE-1C8D-B4A9-30E1A0EAA3DD}</UniqueIdentifier>
    </Filter>
  </ItemGroup>
  <ItemGroup>
    <ClInclude Include="src\Hazard.h" />
    <ClInclude Include="src\Hazard\Application.h">
      <Filter>Hazard</Filter>
    </ClInclude>
    <ClInclude Include="src\Hazard\Core.h">
      <Filter>Hazard</Filter>
    </ClInclude>
    <ClInclude Include="src\Hazard\EntryPoint.h">
      <Filter>Hazard</Filter>
    </ClInclude>
    <ClInclude Include="src\Hazard\Log.h">
      <Filter>Hazard</Filter>
    </ClInclude>
  </ItemGroup>
  <ItemGroup>
    <ClCompile Include="src\Hazard\Application.cpp">
      <Filter>Hazard</Filter>
    </ClCompile>
    <ClCompile Include="src\Hazard\Log.cpp">
      <Filter>Hazard</Filter>
    </ClCompile>
  </ItemGroup>
</Project>