<?xml version="1.0" encoding="utf-8"?>
<Project ToolsVersion="4.0" xmlns="http://schemas.microsoft.com/developer/msbuild/2003">
  <ItemGroup>
    <Filter Include="Hazard">
      <UniqueIdentifier>{DF4CF2B6-CBEE-1C8D-B4A9-30E1A0EAA3DD}</UniqueIdentifier>
    </Filter>
    <Filter Include="Hazard\Core">
      <UniqueIdentifier>{9754E931-030A-6227-8CFE-5BFEF8B2582B}</UniqueIdentifier>
    </Filter>
    <Filter Include="Hazard\Events">
      <UniqueIdentifier>{E3E7B256-4FA8-2E8D-18E3-770A84627369}</UniqueIdentifier>
    </Filter>
    <Filter Include="Platform">
      <UniqueIdentifier>{2AC788B4-1694-E3BF-3FAD-D1672BD9184E}</UniqueIdentifier>
    </Filter>
    <Filter Include="Platform\Windows">
      <UniqueIdentifier>{64FBD71A-50F4-F66C-7926-DCF1657ED678}</UniqueIdentifier>
    </Filter>
  </ItemGroup>
  <ItemGroup>
    <ClInclude Include="src\Hazard.h" />
    <ClInclude Include="src\Hazard\Core\Application.h">
      <Filter>Hazard\Core</Filter>
    </ClInclude>
    <ClInclude Include="src\Hazard\Core\Core.h">
      <Filter>Hazard\Core</Filter>
    </ClInclude>
    <ClInclude Include="src\Hazard\Core\EntryPoint.h">
      <Filter>Hazard\Core</Filter>
    </ClInclude>
    <ClInclude Include="src\Hazard\Core\Log.h">
      <Filter>Hazard\Core</Filter>
    </ClInclude>
    <ClInclude Include="src\Hazard\Core\Window.h">
      <Filter>Hazard\Core</Filter>
    </ClInclude>
    <ClInclude Include="src\Hazard\Events\ApplicationEvent.h">
      <Filter>Hazard\Events</Filter>
    </ClInclude>
    <ClInclude Include="src\Hazard\Events\Event.h">
      <Filter>Hazard\Events</Filter>
    </ClInclude>
    <ClInclude Include="src\Hazard\Events\KeyEvent.h">
      <Filter>Hazard\Events</Filter>
    </ClInclude>
    <ClInclude Include="src\Hazard\Events\MouseEvent.h">
      <Filter>Hazard\Events</Filter>
    </ClInclude>
    <ClInclude Include="src\Platform\Windows\WindowsWindow.h">
      <Filter>Platform\Windows</Filter>
    </ClInclude>
    <ClInclude Include="src\hzpch.h" />
  </ItemGroup>
  <ItemGroup>
    <ClCompile Include="src\Hazard\Core\Application.cpp">
      <Filter>Hazard\Core</Filter>
    </ClCompile>
    <ClCompile Include="src\Hazard\Core\Log.cpp">
      <Filter>Hazard\Core</Filter>
    </ClCompile>
    <ClCompile Include="src\Platform\Windows\WindowsWindow.cpp">
      <Filter>Platform\Windows</Filter>
    </ClCompile>
    <ClCompile Include="src\hzpch.cpp" />
  </ItemGroup>
</Project>